// !$*UTF8*$!
{
	archiveVersion = 1;
	classes = {
	};
	objectVersion = 46;
	objects = {

/* Begin PBXBuildFile section */
		6C6A5AF04025AB4A185ED3D8 /* Pods_Punch_In.framework in Frameworks */ = {isa = PBXBuildFile; fileRef = 3C4408BF80BC607208D71E93 /* Pods_Punch_In.framework */; };
		FF0F1EF71E41A064003932E0 /* PITableViewController.swift in Sources */ = {isa = PBXBuildFile; fileRef = FF0F1EF61E41A064003932E0 /* PITableViewController.swift */; };
		FF0F1EF91E41A091003932E0 /* PINavigationViewController.swift in Sources */ = {isa = PBXBuildFile; fileRef = FF0F1EF81E41A091003932E0 /* PINavigationViewController.swift */; };
		FF0F1EFB1E41A151003932E0 /* Constants.swift in Sources */ = {isa = PBXBuildFile; fileRef = FF0F1EFA1E41A151003932E0 /* Constants.swift */; };
		FF0F1EFD1E41A231003932E0 /* JobsViewController.swift in Sources */ = {isa = PBXBuildFile; fileRef = FF0F1EFC1E41A231003932E0 /* JobsViewController.swift */; };
		FF0F1EFF1E41A2C7003932E0 /* RootNavigationController.swift in Sources */ = {isa = PBXBuildFile; fileRef = FF0F1EFE1E41A2C7003932E0 /* RootNavigationController.swift */; };
		FF0F1F011E41A450003932E0 /* NetworkConstants.swift in Sources */ = {isa = PBXBuildFile; fileRef = FF0F1F001E41A450003932E0 /* NetworkConstants.swift */; };
		FF1648801E29EDC200D7758D /* AppDelegate.swift in Sources */ = {isa = PBXBuildFile; fileRef = FF16487F1E29EDC200D7758D /* AppDelegate.swift */; };
		FF1648821E29EDC200D7758D /* LoginViewController.swift in Sources */ = {isa = PBXBuildFile; fileRef = FF1648811E29EDC200D7758D /* LoginViewController.swift */; };
		FF1648851E29EDC200D7758D /* Main.storyboard in Resources */ = {isa = PBXBuildFile; fileRef = FF1648831E29EDC200D7758D /* Main.storyboard */; };
		FF1648871E29EDC200D7758D /* Assets.xcassets in Resources */ = {isa = PBXBuildFile; fileRef = FF1648861E29EDC200D7758D /* Assets.xcassets */; };
		FF16488A1E29EDC200D7758D /* LaunchScreen.storyboard in Resources */ = {isa = PBXBuildFile; fileRef = FF1648881E29EDC200D7758D /* LaunchScreen.storyboard */; };
		FF1648931E29F04D00D7758D /* Styles.swift in Sources */ = {isa = PBXBuildFile; fileRef = FF1648921E29F04D00D7758D /* Styles.swift */; };
		FF1648BF1E306F6D00D7758D /* LogInView.swift in Sources */ = {isa = PBXBuildFile; fileRef = FF1648BE1E306F6D00D7758D /* LogInView.swift */; };
		FF544BD01E7E2E590066E498 /* GoogleService-Info.plist in Resources */ = {isa = PBXBuildFile; fileRef = FF544BCF1E7E2E590066E498 /* GoogleService-Info.plist */; };
		FF544BD61E7E33640066E498 /* loginBackgroundVideo.mp4 in Resources */ = {isa = PBXBuildFile; fileRef = FF544BD51E7E329A0066E498 /* loginBackgroundVideo.mp4 */; };
		FF544BDF1E7ECB150066E498 /* UIViewController.swift in Sources */ = {isa = PBXBuildFile; fileRef = FF544BDE1E7ECB150066E498 /* UIViewController.swift */; };
		FF544BE11E7F8B250066E498 /* FireAuth.swift in Sources */ = {isa = PBXBuildFile; fileRef = FF544BE01E7F8B250066E498 /* FireAuth.swift */; };
		FF76E5C11E42EDD800840436 /* Ubuntu-R.ttf in Resources */ = {isa = PBXBuildFile; fileRef = FFA615DC1E42EB9000393BCB /* Ubuntu-R.ttf */; };
		FF76E5C41E42F72F00840436 /* TempData.swift in Sources */ = {isa = PBXBuildFile; fileRef = FF76E5C31E42F72F00840436 /* TempData.swift */; };
		FF803F4F1E5AB53600D34ABE /* UIView.swift in Sources */ = {isa = PBXBuildFile; fileRef = FF803F4E1E5AB53600D34ABE /* UIView.swift */; };
		FFA615D71E42E95A00393BCB /* Adapters.swift in Sources */ = {isa = PBXBuildFile; fileRef = FFA615D61E42E95A00393BCB /* Adapters.swift */; };
		FFA615D91E42EA7D00393BCB /* JobsTableViewCell.swift in Sources */ = {isa = PBXBuildFile; fileRef = FFA615D81E42EA7D00393BCB /* JobsTableViewCell.swift */; };
		FFC9A36D1E73CFCF00E0D886 /* AddJobTableViewCell.swift in Sources */ = {isa = PBXBuildFile; fileRef = FFC9A36C1E73CFCF00E0D886 /* AddJobTableViewCell.swift */; };
		FFD488901E5E80030025076C /* BarGraphView.swift in Sources */ = {isa = PBXBuildFile; fileRef = FFD4888F1E5E80030025076C /* BarGraphView.swift */; };
		FFD790BA1E7A63D500DA2385 /* Views.swift in Sources */ = {isa = PBXBuildFile; fileRef = FFD790B91E7A63D500DA2385 /* Views.swift */; };
/* End PBXBuildFile section */

/* Begin PBXFileReference section */
		25CD4D4A071A2344AB4D391C /* Pods-Punch In.debug.xcconfig */ = {isa = PBXFileReference; includeInIndex = 1; lastKnownFileType = text.xcconfig; name = "Pods-Punch In.debug.xcconfig"; path = "Pods/Target Support Files/Pods-Punch In/Pods-Punch In.debug.xcconfig"; sourceTree = "<group>"; };
		3C4408BF80BC607208D71E93 /* Pods_Punch_In.framework */ = {isa = PBXFileReference; explicitFileType = wrapper.framework; includeInIndex = 0; path = Pods_Punch_In.framework; sourceTree = BUILT_PRODUCTS_DIR; };
		FCF94FE2E0AEA8B18C2B3B8F /* Pods-Punch In.release.xcconfig */ = {isa = PBXFileReference; includeInIndex = 1; lastKnownFileType = text.xcconfig; name = "Pods-Punch In.release.xcconfig"; path = "Pods/Target Support Files/Pods-Punch In/Pods-Punch In.release.xcconfig"; sourceTree = "<group>"; };
		FF0F1EF61E41A064003932E0 /* PITableViewController.swift */ = {isa = PBXFileReference; fileEncoding = 4; lastKnownFileType = sourcecode.swift; path = PITableViewController.swift; sourceTree = "<group>"; };
		FF0F1EF81E41A091003932E0 /* PINavigationViewController.swift */ = {isa = PBXFileReference; fileEncoding = 4; lastKnownFileType = sourcecode.swift; path = PINavigationViewController.swift; sourceTree = "<group>"; };
		FF0F1EFA1E41A151003932E0 /* Constants.swift */ = {isa = PBXFileReference; fileEncoding = 4; lastKnownFileType = sourcecode.swift; name = Constants.swift; path = "Punch In/Constants.swift"; sourceTree = "<group>"; };
		FF0F1EFC1E41A231003932E0 /* JobsViewController.swift */ = {isa = PBXFileReference; fileEncoding = 4; lastKnownFileType = sourcecode.swift; path = JobsViewController.swift; sourceTree = "<group>"; };
		FF0F1EFE1E41A2C7003932E0 /* RootNavigationController.swift */ = {isa = PBXFileReference; fileEncoding = 4; lastKnownFileType = sourcecode.swift; path = RootNavigationController.swift; sourceTree = "<group>"; };
		FF0F1F001E41A450003932E0 /* NetworkConstants.swift */ = {isa = PBXFileReference; fileEncoding = 4; lastKnownFileType = sourcecode.swift; name = NetworkConstants.swift; path = "Punch In/NetworkConstants.swift"; sourceTree = "<group>"; };
		FF16487C1E29EDC200D7758D /* Punch In.app */ = {isa = PBXFileReference; explicitFileType = wrapper.application; includeInIndex = 0; path = "Punch In.app"; sourceTree = BUILT_PRODUCTS_DIR; };
		FF16487F1E29EDC200D7758D /* AppDelegate.swift */ = {isa = PBXFileReference; lastKnownFileType = sourcecode.swift; name = AppDelegate.swift; path = "Punch In/AppDelegate.swift"; sourceTree = "<group>"; };
		FF1648811E29EDC200D7758D /* LoginViewController.swift */ = {isa = PBXFileReference; lastKnownFileType = sourcecode.swift; path = LoginViewController.swift; sourceTree = "<group>"; };
		FF1648841E29EDC200D7758D /* Base */ = {isa = PBXFileReference; lastKnownFileType = file.storyboard; name = Base; path = Base.lproj/Main.storyboard; sourceTree = "<group>"; };
		FF1648861E29EDC200D7758D /* Assets.xcassets */ = {isa = PBXFileReference; lastKnownFileType = folder.assetcatalog; name = Assets.xcassets; path = "Punch In/Assets.xcassets"; sourceTree = "<group>"; };
		FF1648891E29EDC200D7758D /* Base */ = {isa = PBXFileReference; lastKnownFileType = file.storyboard; name = Base; path = Base.lproj/LaunchScreen.storyboard; sourceTree = "<group>"; };
		FF16488B1E29EDC200D7758D /* Info.plist */ = {isa = PBXFileReference; lastKnownFileType = text.plist.xml; name = Info.plist; path = "Punch In/Info.plist"; sourceTree = "<group>"; };
		FF1648921E29F04D00D7758D /* Styles.swift */ = {isa = PBXFileReference; fileEncoding = 4; lastKnownFileType = sourcecode.swift; name = Styles.swift; path = "Punch In/Styles.swift"; sourceTree = "<group>"; };
		FF1648BE1E306F6D00D7758D /* LogInView.swift */ = {isa = PBXFileReference; fileEncoding = 4; lastKnownFileType = sourcecode.swift; path = LogInView.swift; sourceTree = "<group>"; };
		FF544BCF1E7E2E590066E498 /* GoogleService-Info.plist */ = {isa = PBXFileReference; fileEncoding = 4; lastKnownFileType = text.plist.xml; path = "GoogleService-Info.plist"; sourceTree = "<group>"; };
		FF544BD51E7E329A0066E498 /* loginBackgroundVideo.mp4 */ = {isa = PBXFileReference; lastKnownFileType = file; path = loginBackgroundVideo.mp4; sourceTree = "<group>"; };
		FF544BDE1E7ECB150066E498 /* UIViewController.swift */ = {isa = PBXFileReference; fileEncoding = 4; lastKnownFileType = sourcecode.swift; path = UIViewController.swift; sourceTree = "<group>"; };
		FF544BE01E7F8B250066E498 /* FireAuth.swift */ = {isa = PBXFileReference; fileEncoding = 4; lastKnownFileType = sourcecode.swift; path = FireAuth.swift; sourceTree = "<group>"; };
		FF76E5C31E42F72F00840436 /* TempData.swift */ = {isa = PBXFileReference; fileEncoding = 4; lastKnownFileType = sourcecode.swift; name = TempData.swift; path = "Punch In/TempData.swift"; sourceTree = "<group>"; };
		FF803F4E1E5AB53600D34ABE /* UIView.swift */ = {isa = PBXFileReference; fileEncoding = 4; lastKnownFileType = sourcecode.swift; name = UIView.swift; path = "Punch In/UIView.swift"; sourceTree = "<group>"; };
		FFA615D61E42E95A00393BCB /* Adapters.swift */ = {isa = PBXFileReference; fileEncoding = 4; lastKnownFileType = sourcecode.swift; name = Adapters.swift; path = "Punch In/Adapters.swift"; sourceTree = "<group>"; };
		FFA615D81E42EA7D00393BCB /* JobsTableViewCell.swift */ = {isa = PBXFileReference; fileEncoding = 4; lastKnownFileType = sourcecode.swift; name = JobsTableViewCell.swift; path = "Punch In/JobsTableViewCell.swift"; sourceTree = "<group>"; };
		FFA615DC1E42EB9000393BCB /* Ubuntu-R.ttf */ = {isa = PBXFileReference; lastKnownFileType = file; name = "Ubuntu-R.ttf"; path = "../../Downloads/ubuntu/Ubuntu-R.ttf"; sourceTree = "<group>"; };
		FFC9A36C1E73CFCF00E0D886 /* AddJobTableViewCell.swift */ = {isa = PBXFileReference; fileEncoding = 4; lastKnownFileType = sourcecode.swift; name = AddJobTableViewCell.swift; path = "Punch In/AddJobTableViewCell.swift"; sourceTree = "<group>"; };
		FFD4888F1E5E80030025076C /* BarGraphView.swift */ = {isa = PBXFileReference; fileEncoding = 4; lastKnownFileType = sourcecode.swift; path = BarGraphView.swift; sourceTree = "<group>"; };
		FFD790B91E7A63D500DA2385 /* Views.swift */ = {isa = PBXFileReference; fileEncoding = 4; lastKnownFileType = sourcecode.swift; path = Views.swift; sourceTree = "<group>"; };
/* End PBXFileReference section */

/* Begin PBXFrameworksBuildPhase section */
		FF1648791E29EDC200D7758D /* Frameworks */ = {
			isa = PBXFrameworksBuildPhase;
			buildActionMask = 2147483647;
			files = (
				6C6A5AF04025AB4A185ED3D8 /* Pods_Punch_In.framework in Frameworks */,
			);
			runOnlyForDeploymentPostprocessing = 0;
		};
/* End PBXFrameworksBuildPhase section */

/* Begin PBXGroup section */
		7B187E19665E55D7671DF0EE /* Pods */ = {
			isa = PBXGroup;
			children = (
				25CD4D4A071A2344AB4D391C /* Pods-Punch In.debug.xcconfig */,
				FCF94FE2E0AEA8B18C2B3B8F /* Pods-Punch In.release.xcconfig */,
			);
			name = Pods;
			sourceTree = "<group>";
		};
		FBEA7C1D022DCA3D7D0FB450 /* Frameworks */ = {
			isa = PBXGroup;
			children = (
				3C4408BF80BC607208D71E93 /* Pods_Punch_In.framework */,
			);
			name = Frameworks;
			sourceTree = "<group>";
		};
		FF1648731E29EDC200D7758D = {
			isa = PBXGroup;
			children = (
				FF544BE21E7F8B2E0066E498 /* Firebase */,
				FF544BDD1E7ECAE90066E498 /* Extensions */,
				FF544BDC1E7ECACE0066E498 /* DataStructs */,
				FF544BDB1E7ECAB80066E498 /* Networking */,
				FF544BD11E7E2E8A0066E498 /* Style */,
				FF544BDA1E7ECA7F0066E498 /* Cells */,
				FF544BD91E7E34330066E498 /* Storyboard */,
				FF16487F1E29EDC200D7758D /* AppDelegate.swift */,
				FF0F1EFA1E41A151003932E0 /* Constants.swift */,
				FF544BD81E7E33E50066E498 /* Views */,
				FF1648B91E2C753900D7758D /* Assets */,
				FF16487E1E29EDC200D7758D /* Controllers */,
				FF16487D1E29EDC200D7758D /* Products */,
				FF544BD71E7E33A70066E498 /* Files */,
				7B187E19665E55D7671DF0EE /* Pods */,
				FBEA7C1D022DCA3D7D0FB450 /* Frameworks */,
			);
			sourceTree = "<group>";
		};
		FF16487D1E29EDC200D7758D /* Products */ = {
			isa = PBXGroup;
			children = (
				FF16487C1E29EDC200D7758D /* Punch In.app */,
			);
			name = Products;
			sourceTree = "<group>";
		};
		FF16487E1E29EDC200D7758D /* Controllers */ = {
			isa = PBXGroup;
			children = (
				FF0F1EFC1E41A231003932E0 /* JobsViewController.swift */,
				FF1648811E29EDC200D7758D /* LoginViewController.swift */,
				FF0F1EF81E41A091003932E0 /* PINavigationViewController.swift */,
				FF0F1EF61E41A064003932E0 /* PITableViewController.swift */,
				FF0F1EFE1E41A2C7003932E0 /* RootNavigationController.swift */,
			);
			name = Controllers;
			path = "Punch In";
			sourceTree = "<group>";
		};
		FF1648B91E2C753900D7758D /* Assets */ = {
			isa = PBXGroup;
			children = (
				FF544BD51E7E329A0066E498 /* loginBackgroundVideo.mp4 */,
				FF1648861E29EDC200D7758D /* Assets.xcassets */,
			);
			name = Assets;
			sourceTree = "<group>";
		};
		FF544BD11E7E2E8A0066E498 /* Style */ = {
			isa = PBXGroup;
			children = (
				FF1648921E29F04D00D7758D /* Styles.swift */,
				FF544BD21E7E2E960066E498 /* Font */,
			);
			name = Style;
			sourceTree = "<group>";
		};
		FF544BD21E7E2E960066E498 /* Font */ = {
			isa = PBXGroup;
			children = (
				FFA615DC1E42EB9000393BCB /* Ubuntu-R.ttf */,
			);
			name = Font;
			sourceTree = "<group>";
		};
		FF544BD71E7E33A70066E498 /* Files */ = {
			isa = PBXGroup;
			children = (
				FF16488B1E29EDC200D7758D /* Info.plist */,
				FF544BCF1E7E2E590066E498 /* GoogleService-Info.plist */,
			);
			name = Files;
			sourceTree = "<group>";
		};
		FF544BD81E7E33E50066E498 /* Views */ = {
			isa = PBXGroup;
			children = (
				FFD4888F1E5E80030025076C /* BarGraphView.swift */,
				FFD790B91E7A63D500DA2385 /* Views.swift */,
				FF1648BE1E306F6D00D7758D /* LogInView.swift */,
			);
			name = Views;
			path = "Punch In";
			sourceTree = "<group>";
		};
		FF544BD91E7E34330066E498 /* Storyboard */ = {
			isa = PBXGroup;
			children = (
				FF1648881E29EDC200D7758D /* LaunchScreen.storyboard */,
				FF1648831E29EDC200D7758D /* Main.storyboard */,
			);
			name = Storyboard;
			path = "Punch In";
			sourceTree = "<group>";
		};
		FF544BDA1E7ECA7F0066E498 /* Cells */ = {
			isa = PBXGroup;
			children = (
				FFA615D81E42EA7D00393BCB /* JobsTableViewCell.swift */,
				FFC9A36C1E73CFCF00E0D886 /* AddJobTableViewCell.swift */,
			);
			name = Cells;
			sourceTree = "<group>";
		};
		FF544BDB1E7ECAB80066E498 /* Networking */ = {
			isa = PBXGroup;
			children = (
				FF0F1F001E41A450003932E0 /* NetworkConstants.swift */,
			);
			name = Networking;
			sourceTree = "<group>";
		};
		FF544BDC1E7ECACE0066E498 /* DataStructs */ = {
			isa = PBXGroup;
			children = (
				FFA615D61E42E95A00393BCB /* Adapters.swift */,
				FF76E5C31E42F72F00840436 /* TempData.swift */,
			);
			name = DataStructs;
			sourceTree = "<group>";
		};
		FF544BDD1E7ECAE90066E498 /* Extensions */ = {
			isa = PBXGroup;
			children = (
				FF803F4E1E5AB53600D34ABE /* UIView.swift */,
				FF544BDE1E7ECB150066E498 /* UIViewController.swift */,
			);
			name = Extensions;
			sourceTree = "<group>";
		};
		FF544BE21E7F8B2E0066E498 /* Firebase */ = {
			isa = PBXGroup;
			children = (
				FF544BE01E7F8B250066E498 /* FireAuth.swift */,
			);
			name = Firebase;
			sourceTree = "<group>";
		};
/* End PBXGroup section */

/* Begin PBXNativeTarget section */
		FF16487B1E29EDC200D7758D /* Punch In */ = {
			isa = PBXNativeTarget;
			buildConfigurationList = FF16488E1E29EDC200D7758D /* Build configuration list for PBXNativeTarget "Punch In" */;
			buildPhases = (
				B85BA2C204CF6F63FFD877FB /* [CP] Check Pods Manifest.lock */,
				FF1648781E29EDC200D7758D /* Sources */,
				FF1648791E29EDC200D7758D /* Frameworks */,
				FF16487A1E29EDC200D7758D /* Resources */,
				DB7140F199E05E514C762640 /* [CP] Embed Pods Frameworks */,
				4E15F6A4CFE07ED5CCBFD287 /* [CP] Copy Pods Resources */,
			);
			buildRules = (
			);
			dependencies = (
			);
			name = "Punch In";
			productName = "Punch In";
			productReference = FF16487C1E29EDC200D7758D /* Punch In.app */;
			productType = "com.apple.product-type.application";
		};
/* End PBXNativeTarget section */

/* Begin PBXProject section */
		FF1648741E29EDC200D7758D /* Project object */ = {
			isa = PBXProject;
			attributes = {
				LastSwiftUpdateCheck = 0820;
				LastUpgradeCheck = 0820;
				ORGANIZATIONNAME = "Kyle Stewart";
				TargetAttributes = {
					FF16487B1E29EDC200D7758D = {
						CreatedOnToolsVersion = 8.2.1;
						DevelopmentTeam = NZE2UWJUNX;
						ProvisioningStyle = Automatic;
					};
				};
			};
			buildConfigurationList = FF1648771E29EDC200D7758D /* Build configuration list for PBXProject "Punch In" */;
			compatibilityVersion = "Xcode 3.2";
			developmentRegion = English;
			hasScannedForEncodings = 0;
			knownRegions = (
				en,
				Base,
			);
			mainGroup = FF1648731E29EDC200D7758D;
			productRefGroup = FF16487D1E29EDC200D7758D /* Products */;
			projectDirPath = "";
			projectRoot = "";
			targets = (
				FF16487B1E29EDC200D7758D /* Punch In */,
			);
		};
/* End PBXProject section */

/* Begin PBXResourcesBuildPhase section */
		FF16487A1E29EDC200D7758D /* Resources */ = {
			isa = PBXResourcesBuildPhase;
			buildActionMask = 2147483647;
			files = (
				FF76E5C11E42EDD800840436 /* Ubuntu-R.ttf in Resources */,
				FF16488A1E29EDC200D7758D /* LaunchScreen.storyboard in Resources */,
				FF544BD61E7E33640066E498 /* loginBackgroundVideo.mp4 in Resources */,
				FF1648871E29EDC200D7758D /* Assets.xcassets in Resources */,
				FF1648851E29EDC200D7758D /* Main.storyboard in Resources */,
				FF544BD01E7E2E590066E498 /* GoogleService-Info.plist in Resources */,
			);
			runOnlyForDeploymentPostprocessing = 0;
		};
/* End PBXResourcesBuildPhase section */

/* Begin PBXShellScriptBuildPhase section */
		4E15F6A4CFE07ED5CCBFD287 /* [CP] Copy Pods Resources */ = {
			isa = PBXShellScriptBuildPhase;
			buildActionMask = 2147483647;
			files = (
			);
			inputPaths = (
			);
			name = "[CP] Copy Pods Resources";
			outputPaths = (
			);
			runOnlyForDeploymentPostprocessing = 0;
			shellPath = /bin/sh;
			shellScript = "\"${SRCROOT}/Pods/Target Support Files/Pods-Punch In/Pods-Punch In-resources.sh\"\n";
			showEnvVarsInLog = 0;
		};
		B85BA2C204CF6F63FFD877FB /* [CP] Check Pods Manifest.lock */ = {
			isa = PBXShellScriptBuildPhase;
			buildActionMask = 2147483647;
			files = (
			);
			inputPaths = (
			);
			name = "[CP] Check Pods Manifest.lock";
			outputPaths = (
			);
			runOnlyForDeploymentPostprocessing = 0;
			shellPath = /bin/sh;
			shellScript = "diff \"${PODS_ROOT}/../Podfile.lock\" \"${PODS_ROOT}/Manifest.lock\" > /dev/null\nif [ $? != 0 ] ; then\n    # print error to STDERR\n    echo \"error: The sandbox is not in sync with the Podfile.lock. Run 'pod install' or update your CocoaPods installation.\" >&2\n    exit 1\nfi\n";
			showEnvVarsInLog = 0;
		};
		DB7140F199E05E514C762640 /* [CP] Embed Pods Frameworks */ = {
			isa = PBXShellScriptBuildPhase;
			buildActionMask = 2147483647;
			files = (
			);
			inputPaths = (
			);
			name = "[CP] Embed Pods Frameworks";
			outputPaths = (
			);
			runOnlyForDeploymentPostprocessing = 0;
			shellPath = /bin/sh;
			shellScript = "\"${SRCROOT}/Pods/Target Support Files/Pods-Punch In/Pods-Punch In-frameworks.sh\"\n";
			showEnvVarsInLog = 0;
		};
/* End PBXShellScriptBuildPhase section */

/* Begin PBXSourcesBuildPhase section */
		FF1648781E29EDC200D7758D /* Sources */ = {
			isa = PBXSourcesBuildPhase;
			buildActionMask = 2147483647;
			files = (
				FF0F1EF91E41A091003932E0 /* PINavigationViewController.swift in Sources */,
				FFC9A36D1E73CFCF00E0D886 /* AddJobTableViewCell.swift in Sources */,
				FF1648BF1E306F6D00D7758D /* LogInView.swift in Sources */,
				FF1648821E29EDC200D7758D /* LoginViewController.swift in Sources */,
				FF544BE11E7F8B250066E498 /* FireAuth.swift in Sources */,
				FF0F1EFF1E41A2C7003932E0 /* RootNavigationController.swift in Sources */,
				FFA615D91E42EA7D00393BCB /* JobsTableViewCell.swift in Sources */,
				FF0F1F011E41A450003932E0 /* NetworkConstants.swift in Sources */,
				FFD790BA1E7A63D500DA2385 /* Views.swift in Sources */,
				FF1648801E29EDC200D7758D /* AppDelegate.swift in Sources */,
				FF544BDF1E7ECB150066E498 /* UIViewController.swift in Sources */,
				FF76E5C41E42F72F00840436 /* TempData.swift in Sources */,
				FF0F1EF71E41A064003932E0 /* PITableViewController.swift in Sources */,
				FF803F4F1E5AB53600D34ABE /* UIView.swift in Sources */,
				FF1648931E29F04D00D7758D /* Styles.swift in Sources */,
				FFA615D71E42E95A00393BCB /* Adapters.swift in Sources */,
				FF0F1EFB1E41A151003932E0 /* Constants.swift in Sources */,
				FF0F1EFD1E41A231003932E0 /* JobsViewController.swift in Sources */,
				FFD488901E5E80030025076C /* BarGraphView.swift in Sources */,
			);
			runOnlyForDeploymentPostprocessing = 0;
		};
/* End PBXSourcesBuildPhase section */

/* Begin PBXVariantGroup section */
		FF1648831E29EDC200D7758D /* Main.storyboard */ = {
			isa = PBXVariantGroup;
			children = (
				FF1648841E29EDC200D7758D /* Base */,
			);
			name = Main.storyboard;
			sourceTree = "<group>";
		};
		FF1648881E29EDC200D7758D /* LaunchScreen.storyboard */ = {
			isa = PBXVariantGroup;
			children = (
				FF1648891E29EDC200D7758D /* Base */,
			);
			name = LaunchScreen.storyboard;
			sourceTree = "<group>";
		};
/* End PBXVariantGroup section */

/* Begin XCBuildConfiguration section */
		FF16488C1E29EDC200D7758D /* Debug */ = {
			isa = XCBuildConfiguration;
			buildSettings = {
				ALWAYS_SEARCH_USER_PATHS = NO;
				CLANG_ANALYZER_NONNULL = YES;
				CLANG_CXX_LANGUAGE_STANDARD = "gnu++0x";
				CLANG_CXX_LIBRARY = "libc++";
				CLANG_ENABLE_MODULES = YES;
				CLANG_ENABLE_OBJC_ARC = YES;
				CLANG_WARN_BOOL_CONVERSION = YES;
				CLANG_WARN_CONSTANT_CONVERSION = YES;
				CLANG_WARN_DIRECT_OBJC_ISA_USAGE = YES_ERROR;
				CLANG_WARN_DOCUMENTATION_COMMENTS = YES;
				CLANG_WARN_EMPTY_BODY = YES;
				CLANG_WARN_ENUM_CONVERSION = YES;
				CLANG_WARN_INFINITE_RECURSION = YES;
				CLANG_WARN_INT_CONVERSION = YES;
				CLANG_WARN_OBJC_ROOT_CLASS = YES_ERROR;
				CLANG_WARN_SUSPICIOUS_MOVE = YES;
				CLANG_WARN_UNREACHABLE_CODE = YES;
				CLANG_WARN__DUPLICATE_METHOD_MATCH = YES;
				"CODE_SIGN_IDENTITY[sdk=iphoneos*]" = "iPhone Developer";
				COPY_PHASE_STRIP = NO;
				DEBUG_INFORMATION_FORMAT = dwarf;
				ENABLE_STRICT_OBJC_MSGSEND = YES;
				ENABLE_TESTABILITY = YES;
				GCC_C_LANGUAGE_STANDARD = gnu99;
				GCC_DYNAMIC_NO_PIC = NO;
				GCC_NO_COMMON_BLOCKS = YES;
				GCC_OPTIMIZATION_LEVEL = 0;
				GCC_PREPROCESSOR_DEFINITIONS = (
					"DEBUG=1",
					"$(inherited)",
				);
				GCC_WARN_64_TO_32_BIT_CONVERSION = YES;
				GCC_WARN_ABOUT_RETURN_TYPE = YES_ERROR;
				GCC_WARN_UNDECLARED_SELECTOR = YES;
				GCC_WARN_UNINITIALIZED_AUTOS = YES_AGGRESSIVE;
				GCC_WARN_UNUSED_FUNCTION = YES;
				GCC_WARN_UNUSED_VARIABLE = YES;
				IPHONEOS_DEPLOYMENT_TARGET = 10.2;
				MTL_ENABLE_DEBUG_INFO = YES;
				ONLY_ACTIVE_ARCH = YES;
				SDKROOT = iphoneos;
				SWIFT_ACTIVE_COMPILATION_CONDITIONS = DEBUG;
				SWIFT_OPTIMIZATION_LEVEL = "-Onone";
				TARGETED_DEVICE_FAMILY = "1,2";
			};
			name = Debug;
		};
		FF16488D1E29EDC200D7758D /* Release */ = {
			isa = XCBuildConfiguration;
			buildSettings = {
				ALWAYS_SEARCH_USER_PATHS = NO;
				CLANG_ANALYZER_NONNULL = YES;
				CLANG_CXX_LANGUAGE_STANDARD = "gnu++0x";
				CLANG_CXX_LIBRARY = "libc++";
				CLANG_ENABLE_MODULES = YES;
				CLANG_ENABLE_OBJC_ARC = YES;
				CLANG_WARN_BOOL_CONVERSION = YES;
				CLANG_WARN_CONSTANT_CONVERSION = YES;
				CLANG_WARN_DIRECT_OBJC_ISA_USAGE = YES_ERROR;
				CLANG_WARN_DOCUMENTATION_COMMENTS = YES;
				CLANG_WARN_EMPTY_BODY = YES;
				CLANG_WARN_ENUM_CONVERSION = YES;
				CLANG_WARN_INFINITE_RECURSION = YES;
				CLANG_WARN_INT_CONVERSION = YES;
				CLANG_WARN_OBJC_ROOT_CLASS = YES_ERROR;
				CLANG_WARN_SUSPICIOUS_MOVE = YES;
				CLANG_WARN_UNREACHABLE_CODE = YES;
				CLANG_WARN__DUPLICATE_METHOD_MATCH = YES;
				"CODE_SIGN_IDENTITY[sdk=iphoneos*]" = "iPhone Developer";
				COPY_PHASE_STRIP = NO;
				DEBUG_INFORMATION_FORMAT = "dwarf-with-dsym";
				ENABLE_NS_ASSERTIONS = NO;
				ENABLE_STRICT_OBJC_MSGSEND = YES;
				GCC_C_LANGUAGE_STANDARD = gnu99;
				GCC_NO_COMMON_BLOCKS = YES;
				GCC_WARN_64_TO_32_BIT_CONVERSION = YES;
				GCC_WARN_ABOUT_RETURN_TYPE = YES_ERROR;
				GCC_WARN_UNDECLARED_SELECTOR = YES;
				GCC_WARN_UNINITIALIZED_AUTOS = YES_AGGRESSIVE;
				GCC_WARN_UNUSED_FUNCTION = YES;
				GCC_WARN_UNUSED_VARIABLE = YES;
				IPHONEOS_DEPLOYMENT_TARGET = 10.2;
				MTL_ENABLE_DEBUG_INFO = NO;
				SDKROOT = iphoneos;
				SWIFT_OPTIMIZATION_LEVEL = "-Owholemodule";
				TARGETED_DEVICE_FAMILY = "1,2";
				VALIDATE_PRODUCT = YES;
			};
			name = Release;
		};
		FF16488F1E29EDC200D7758D /* Debug */ = {
			isa = XCBuildConfiguration;
			baseConfigurationReference = 25CD4D4A071A2344AB4D391C /* Pods-Punch In.debug.xcconfig */;
			buildSettings = {
				ASSETCATALOG_COMPILER_APPICON_NAME = AppIcon;
				DEVELOPMENT_TEAM = NZE2UWJUNX;
				INFOPLIST_FILE = "Punch In/Info.plist";
				LD_RUNPATH_SEARCH_PATHS = "$(inherited) @executable_path/Frameworks";
				PRODUCT_BUNDLE_IDENTIFIER = "com.kylestewart.Punch-In";
				PRODUCT_NAME = "$(TARGET_NAME)";
				SWIFT_VERSION = 3.0;
			};
			name = Debug;
		};
		FF1648901E29EDC200D7758D /* Release */ = {
			isa = XCBuildConfiguration;
			baseConfigurationReference = FCF94FE2E0AEA8B18C2B3B8F /* Pods-Punch In.release.xcconfig */;
			buildSettings = {
				ASSETCATALOG_COMPILER_APPICON_NAME = AppIcon;
				DEVELOPMENT_TEAM = NZE2UWJUNX;
				INFOPLIST_FILE = "Punch In/Info.plist";
				LD_RUNPATH_SEARCH_PATHS = "$(inherited) @executable_path/Frameworks";
				PRODUCT_BUNDLE_IDENTIFIER = "com.kylestewart.Punch-In";
				PRODUCT_NAME = "$(TARGET_NAME)";
				SWIFT_VERSION = 3.0;
			};
			name = Release;
		};
/* End XCBuildConfiguration section */

/* Begin XCConfigurationList section */
		FF1648771E29EDC200D7758D /* Build configuration list for PBXProject "Punch In" */ = {
			isa = XCConfigurationList;
			buildConfigurations = (
				FF16488C1E29EDC200D7758D /* Debug */,
				FF16488D1E29EDC200D7758D /* Release */,
			);
			defaultConfigurationIsVisible = 0;
			defaultConfigurationName = Release;
		};
		FF16488E1E29EDC200D7758D /* Build configuration list for PBXNativeTarget "Punch In" */ = {
			isa = XCConfigurationList;
			buildConfigurations = (
				FF16488F1E29EDC200D7758D /* Debug */,
				FF1648901E29EDC200D7758D /* Release */,
			);
			defaultConfigurationIsVisible = 0;
			defaultConfigurationName = Release;
		};
/* End XCConfigurationList section */
	};
	rootObject = FF1648741E29EDC200D7758D /* Project object */;
}
