// !$*UTF8*$!
{
	archiveVersion = 1;
	classes = {
	};
	objectVersion = 46;
	objects = {

/* Begin PBXBuildFile section */
		FF0F1EF71E41A064003932E0 /* PITableViewController.swift in Sources */ = {isa = PBXBuildFile; fileRef = FF0F1EF61E41A064003932E0 /* PITableViewController.swift */; };
		FF0F1EF91E41A091003932E0 /* PINavigationViewController.swift in Sources */ = {isa = PBXBuildFile; fileRef = FF0F1EF81E41A091003932E0 /* PINavigationViewController.swift */; };
		FF0F1EFB1E41A151003932E0 /* Constants.swift in Sources */ = {isa = PBXBuildFile; fileRef = FF0F1EFA1E41A151003932E0 /* Constants.swift */; };
		FF0F1EFD1E41A231003932E0 /* JobsTableViewController.swift in Sources */ = {isa = PBXBuildFile; fileRef = FF0F1EFC1E41A231003932E0 /* JobsTableViewController.swift */; };
		FF0F1EFF1E41A2C7003932E0 /* RootNavigationController.swift in Sources */ = {isa = PBXBuildFile; fileRef = FF0F1EFE1E41A2C7003932E0 /* RootNavigationController.swift */; };
		FF0F1F011E41A450003932E0 /* Network.swift in Sources */ = {isa = PBXBuildFile; fileRef = FF0F1F001E41A450003932E0 /* Network.swift */; };
		FF1648801E29EDC200D7758D /* AppDelegate.swift in Sources */ = {isa = PBXBuildFile; fileRef = FF16487F1E29EDC200D7758D /* AppDelegate.swift */; };
		FF1648821E29EDC200D7758D /* LoginViewController.swift in Sources */ = {isa = PBXBuildFile; fileRef = FF1648811E29EDC200D7758D /* LoginViewController.swift */; };
		FF1648851E29EDC200D7758D /* Main.storyboard in Resources */ = {isa = PBXBuildFile; fileRef = FF1648831E29EDC200D7758D /* Main.storyboard */; };
		FF1648871E29EDC200D7758D /* Assets.xcassets in Resources */ = {isa = PBXBuildFile; fileRef = FF1648861E29EDC200D7758D /* Assets.xcassets */; };
		FF16488A1E29EDC200D7758D /* LaunchScreen.storyboard in Resources */ = {isa = PBXBuildFile; fileRef = FF1648881E29EDC200D7758D /* LaunchScreen.storyboard */; };
		FF1648931E29F04D00D7758D /* Styles.swift in Sources */ = {isa = PBXBuildFile; fileRef = FF1648921E29F04D00D7758D /* Styles.swift */; };
		FF16489B1E29F53200D7758D /* snow.mp4 in Resources */ = {isa = PBXBuildFile; fileRef = FF16489A1E29F53200D7758D /* snow.mp4 */; };
		FF1648BD1E2F3CBD00D7758D /* SignUpView.swift in Sources */ = {isa = PBXBuildFile; fileRef = FF1648BC1E2F3CBD00D7758D /* SignUpView.swift */; };
		FF1648BF1E306F6D00D7758D /* LogInView.swift in Sources */ = {isa = PBXBuildFile; fileRef = FF1648BE1E306F6D00D7758D /* LogInView.swift */; };
		FF76E5C11E42EDD800840436 /* Ubuntu-R.ttf in Resources */ = {isa = PBXBuildFile; fileRef = FFA615DC1E42EB9000393BCB /* Ubuntu-R.ttf */; };
		FF76E5C41E42F72F00840436 /* TempData.swift in Sources */ = {isa = PBXBuildFile; fileRef = FF76E5C31E42F72F00840436 /* TempData.swift */; };
		FFA615D71E42E95A00393BCB /* Adapters.swift in Sources */ = {isa = PBXBuildFile; fileRef = FFA615D61E42E95A00393BCB /* Adapters.swift */; };
		FFA615D91E42EA7D00393BCB /* JobsTableViewCell.swift in Sources */ = {isa = PBXBuildFile; fileRef = FFA615D81E42EA7D00393BCB /* JobsTableViewCell.swift */; };
		FFA615DB1E42EA9F00393BCB /* AddJobTableViewCell.swift in Sources */ = {isa = PBXBuildFile; fileRef = FFA615DA1E42EA9F00393BCB /* AddJobTableViewCell.swift */; };
/* End PBXBuildFile section */

/* Begin PBXFileReference section */
		FF0F1EF61E41A064003932E0 /* PITableViewController.swift */ = {isa = PBXFileReference; fileEncoding = 4; lastKnownFileType = sourcecode.swift; path = PITableViewController.swift; sourceTree = "<group>"; };
		FF0F1EF81E41A091003932E0 /* PINavigationViewController.swift */ = {isa = PBXFileReference; fileEncoding = 4; lastKnownFileType = sourcecode.swift; path = PINavigationViewController.swift; sourceTree = "<group>"; };
		FF0F1EFA1E41A151003932E0 /* Constants.swift */ = {isa = PBXFileReference; fileEncoding = 4; lastKnownFileType = sourcecode.swift; path = Constants.swift; sourceTree = "<group>"; };
		FF0F1EFC1E41A231003932E0 /* JobsTableViewController.swift */ = {isa = PBXFileReference; fileEncoding = 4; lastKnownFileType = sourcecode.swift; path = JobsTableViewController.swift; sourceTree = "<group>"; };
		FF0F1EFE1E41A2C7003932E0 /* RootNavigationController.swift */ = {isa = PBXFileReference; fileEncoding = 4; lastKnownFileType = sourcecode.swift; path = RootNavigationController.swift; sourceTree = "<group>"; };
		FF0F1F001E41A450003932E0 /* Network.swift */ = {isa = PBXFileReference; fileEncoding = 4; lastKnownFileType = sourcecode.swift; path = Network.swift; sourceTree = "<group>"; };
		FF16487C1E29EDC200D7758D /* Punch In.app */ = {isa = PBXFileReference; explicitFileType = wrapper.application; includeInIndex = 0; path = "Punch In.app"; sourceTree = BUILT_PRODUCTS_DIR; };
		FF16487F1E29EDC200D7758D /* AppDelegate.swift */ = {isa = PBXFileReference; lastKnownFileType = sourcecode.swift; path = AppDelegate.swift; sourceTree = "<group>"; };
		FF1648811E29EDC200D7758D /* LoginViewController.swift */ = {isa = PBXFileReference; lastKnownFileType = sourcecode.swift; path = LoginViewController.swift; sourceTree = "<group>"; };
		FF1648841E29EDC200D7758D /* Base */ = {isa = PBXFileReference; lastKnownFileType = file.storyboard; name = Base; path = Base.lproj/Main.storyboard; sourceTree = "<group>"; };
		FF1648861E29EDC200D7758D /* Assets.xcassets */ = {isa = PBXFileReference; lastKnownFileType = folder.assetcatalog; name = Assets.xcassets; path = "Punch In/Assets.xcassets"; sourceTree = "<group>"; };
		FF1648891E29EDC200D7758D /* Base */ = {isa = PBXFileReference; lastKnownFileType = file.storyboard; name = Base; path = Base.lproj/LaunchScreen.storyboard; sourceTree = "<group>"; };
		FF16488B1E29EDC200D7758D /* Info.plist */ = {isa = PBXFileReference; lastKnownFileType = text.plist.xml; path = Info.plist; sourceTree = "<group>"; };
		FF1648921E29F04D00D7758D /* Styles.swift */ = {isa = PBXFileReference; fileEncoding = 4; lastKnownFileType = sourcecode.swift; path = Styles.swift; sourceTree = "<group>"; };
		FF16489A1E29F53200D7758D /* snow.mp4 */ = {isa = PBXFileReference; lastKnownFileType = file; name = snow.mp4; path = ../../Downloads/snow.mp4; sourceTree = "<group>"; };
		FF1648BC1E2F3CBD00D7758D /* SignUpView.swift */ = {isa = PBXFileReference; fileEncoding = 4; lastKnownFileType = sourcecode.swift; path = SignUpView.swift; sourceTree = "<group>"; };
		FF1648BE1E306F6D00D7758D /* LogInView.swift */ = {isa = PBXFileReference; fileEncoding = 4; lastKnownFileType = sourcecode.swift; path = LogInView.swift; sourceTree = "<group>"; };
		FF76E5C31E42F72F00840436 /* TempData.swift */ = {isa = PBXFileReference; fileEncoding = 4; lastKnownFileType = sourcecode.swift; path = TempData.swift; sourceTree = "<group>"; };
		FFA615D61E42E95A00393BCB /* Adapters.swift */ = {isa = PBXFileReference; fileEncoding = 4; lastKnownFileType = sourcecode.swift; path = Adapters.swift; sourceTree = "<group>"; };
		FFA615D81E42EA7D00393BCB /* JobsTableViewCell.swift */ = {isa = PBXFileReference; fileEncoding = 4; lastKnownFileType = sourcecode.swift; path = JobsTableViewCell.swift; sourceTree = "<group>"; };
		FFA615DA1E42EA9F00393BCB /* AddJobTableViewCell.swift */ = {isa = PBXFileReference; fileEncoding = 4; lastKnownFileType = sourcecode.swift; path = AddJobTableViewCell.swift; sourceTree = "<group>"; };
		FFA615DC1E42EB9000393BCB /* Ubuntu-R.ttf */ = {isa = PBXFileReference; lastKnownFileType = file; name = "Ubuntu-R.ttf"; path = "../../Downloads/ubuntu/Ubuntu-R.ttf"; sourceTree = "<group>"; };
/* End PBXFileReference section */

/* Begin PBXFrameworksBuildPhase section */
		FF1648791E29EDC200D7758D /* Frameworks */ = {
			isa = PBXFrameworksBuildPhase;
			buildActionMask = 2147483647;
			files = (
			);
			runOnlyForDeploymentPostprocessing = 0;
		};
/* End PBXFrameworksBuildPhase section */

/* Begin PBXGroup section */
		FF1648731E29EDC200D7758D = {
			isa = PBXGroup;
			children = (
				FF1648B91E2C753900D7758D /* Assets */,
				FF16487E1E29EDC200D7758D /* Punch In */,
				FF16487D1E29EDC200D7758D /* Products */,
			);
			sourceTree = "<group>";
		};
		FF16487D1E29EDC200D7758D /* Products */ = {
			isa = PBXGroup;
			children = (
				FF16487C1E29EDC200D7758D /* Punch In.app */,
			);
			name = Products;
			sourceTree = "<group>";
		};
		FF16487E1E29EDC200D7758D /* Punch In */ = {
			isa = PBXGroup;
			children = (
				FF16487F1E29EDC200D7758D /* AppDelegate.swift */,
				FF0F1EFA1E41A151003932E0 /* Constants.swift */,
				FF16488B1E29EDC200D7758D /* Info.plist */,
				FF0F1EFC1E41A231003932E0 /* JobsTableViewController.swift */,
				FF1648881E29EDC200D7758D /* LaunchScreen.storyboard */,
				FF1648BE1E306F6D00D7758D /* LogInView.swift */,
				FF1648811E29EDC200D7758D /* LoginViewController.swift */,
				FF1648831E29EDC200D7758D /* Main.storyboard */,
				FF0F1F001E41A450003932E0 /* Network.swift */,
				FF0F1EF81E41A091003932E0 /* PINavigationViewController.swift */,
				FF0F1EF61E41A064003932E0 /* PITableViewController.swift */,
				FF0F1EFE1E41A2C7003932E0 /* RootNavigationController.swift */,
				FF1648BC1E2F3CBD00D7758D /* SignUpView.swift */,
				FF1648921E29F04D00D7758D /* Styles.swift */,
				FFA615D61E42E95A00393BCB /* Adapters.swift */,
				FFA615D81E42EA7D00393BCB /* JobsTableViewCell.swift */,
				FFA615DA1E42EA9F00393BCB /* AddJobTableViewCell.swift */,
				FF76E5C31E42F72F00840436 /* TempData.swift */,
			);
			path = "Punch In";
			sourceTree = "<group>";
		};
		FF1648B91E2C753900D7758D /* Assets */ = {
			isa = PBXGroup;
			children = (
				FF1648861E29EDC200D7758D /* Assets.xcassets */,
				FFA615DC1E42EB9000393BCB /* Ubuntu-R.ttf */,
				FF16489A1E29F53200D7758D /* snow.mp4 */,
			);
			name = Assets;
			sourceTree = "<group>";
		};
/* End PBXGroup section */

/* Begin PBXNativeTarget section */
		FF16487B1E29EDC200D7758D /* Punch In */ = {
			isa = PBXNativeTarget;
			buildConfigurationList = FF16488E1E29EDC200D7758D /* Build configuration list for PBXNativeTarget "Punch In" */;
			buildPhases = (
				FF1648781E29EDC200D7758D /* Sources */,
				FF1648791E29EDC200D7758D /* Frameworks */,
				FF16487A1E29EDC200D7758D /* Resources */,
			);
			buildRules = (
			);
			dependencies = (
			);
			name = "Punch In";
			productName = "Punch In";
			productReference = FF16487C1E29EDC200D7758D /* Punch In.app */;
			productType = "com.apple.product-type.application";
		};
/* End PBXNativeTarget section */

/* Begin PBXProject section */
		FF1648741E29EDC200D7758D /* Project object */ = {
			isa = PBXProject;
			attributes = {
				LastSwiftUpdateCheck = 0820;
				LastUpgradeCheck = 0820;
				ORGANIZATIONNAME = "Kyle Stewart";
				TargetAttributes = {
					FF16487B1E29EDC200D7758D = {
						CreatedOnToolsVersion = 8.2.1;
						DevelopmentTeam = NZE2UWJUNX;
						ProvisioningStyle = Automatic;
					};
				};
			};
			buildConfigurationList = FF1648771E29EDC200D7758D /* Build configuration list for PBXProject "Punch In" */;
			compatibilityVersion = "Xcode 3.2";
			developmentRegion = English;
			hasScannedForEncodings = 0;
			knownRegions = (
				en,
				Base,
			);
			mainGroup = FF1648731E29EDC200D7758D;
			productRefGroup = FF16487D1E29EDC200D7758D /* Products */;
			projectDirPath = "";
			projectRoot = "";
			targets = (
				FF16487B1E29EDC200D7758D /* Punch In */,
			);
		};
/* End PBXProject section */

/* Begin PBXResourcesBuildPhase section */
		FF16487A1E29EDC200D7758D /* Resources */ = {
			isa = PBXResourcesBuildPhase;
			buildActionMask = 2147483647;
			files = (
				FF76E5C11E42EDD800840436 /* Ubuntu-R.ttf in Resources */,
				FF16489B1E29F53200D7758D /* snow.mp4 in Resources */,
				FF16488A1E29EDC200D7758D /* LaunchScreen.storyboard in Resources */,
				FF1648871E29EDC200D7758D /* Assets.xcassets in Resources */,
				FF1648851E29EDC200D7758D /* Main.storyboard in Resources */,
			);
			runOnlyForDeploymentPostprocessing = 0;
		};
/* End PBXResourcesBuildPhase section */

/* Begin PBXSourcesBuildPhase section */
		FF1648781E29EDC200D7758D /* Sources */ = {
			isa = PBXSourcesBuildPhase;
			buildActionMask = 2147483647;
			files = (
				FF0F1EF91E41A091003932E0 /* PINavigationViewController.swift in Sources */,
				FF1648BF1E306F6D00D7758D /* LogInView.swift in Sources */,
				FF1648821E29EDC200D7758D /* LoginViewController.swift in Sources */,
				FFA615DB1E42EA9F00393BCB /* AddJobTableViewCell.swift in Sources */,
				FF0F1EFF1E41A2C7003932E0 /* RootNavigationController.swift in Sources */,
				FF1648BD1E2F3CBD00D7758D /* SignUpView.swift in Sources */,
				FFA615D91E42EA7D00393BCB /* JobsTableViewCell.swift in Sources */,
				FF0F1F011E41A450003932E0 /* Network.swift in Sources */,
				FF1648801E29EDC200D7758D /* AppDelegate.swift in Sources */,
				FF76E5C41E42F72F00840436 /* TempData.swift in Sources */,
				FF0F1EF71E41A064003932E0 /* PITableViewController.swift in Sources */,
				FF1648931E29F04D00D7758D /* Styles.swift in Sources */,
				FFA615D71E42E95A00393BCB /* Adapters.swift in Sources */,
				FF0F1EFB1E41A151003932E0 /* Constants.swift in Sources */,
				FF0F1EFD1E41A231003932E0 /* JobsTableViewController.swift in Sources */,
			);
			runOnlyForDeploymentPostprocessing = 0;
		};
/* End PBXSourcesBuildPhase section */

/* Begin PBXVariantGroup section */
		FF1648831E29EDC200D7758D /* Main.storyboard */ = {
			isa = PBXVariantGroup;
			children = (
				FF1648841E29EDC200D7758D /* Base */,
			);
			name = Main.storyboard;
			sourceTree = "<group>";
		};
		FF1648881E29EDC200D7758D /* LaunchScreen.storyboard */ = {
			isa = PBXVariantGroup;
			children = (
				FF1648891E29EDC200D7758D /* Base */,
			);
			name = LaunchScreen.storyboard;
			sourceTree = "<group>";
		};
/* End PBXVariantGroup section */

/* Begin XCBuildConfiguration section */
		FF16488C1E29EDC200D7758D /* Debug */ = {
			isa = XCBuildConfiguration;
			buildSettings = {
				ALWAYS_SEARCH_USER_PATHS = NO;
				CLANG_ANALYZER_NONNULL = YES;
				CLANG_CXX_LANGUAGE_STANDARD = "gnu++0x";
				CLANG_CXX_LIBRARY = "libc++";
				CLANG_ENABLE_MODULES = YES;
				CLANG_ENABLE_OBJC_ARC = YES;
				CLANG_WARN_BOOL_CONVERSION = YES;
				CLANG_WARN_CONSTANT_CONVERSION = YES;
				CLANG_WARN_DIRECT_OBJC_ISA_USAGE = YES_ERROR;
				CLANG_WARN_DOCUMENTATION_COMMENTS = YES;
				CLANG_WARN_EMPTY_BODY = YES;
				CLANG_WARN_ENUM_CONVERSION = YES;
				CLANG_WARN_INFINITE_RECURSION = YES;
				CLANG_WARN_INT_CONVERSION = YES;
				CLANG_WARN_OBJC_ROOT_CLASS = YES_ERROR;
				CLANG_WARN_SUSPICIOUS_MOVE = YES;
				CLANG_WARN_UNREACHABLE_CODE = YES;
				CLANG_WARN__DUPLICATE_METHOD_MATCH = YES;
				"CODE_SIGN_IDENTITY[sdk=iphoneos*]" = "iPhone Developer";
				COPY_PHASE_STRIP = NO;
				DEBUG_INFORMATION_FORMAT = dwarf;
				ENABLE_STRICT_OBJC_MSGSEND = YES;
				ENABLE_TESTABILITY = YES;
				GCC_C_LANGUAGE_STANDARD = gnu99;
				GCC_DYNAMIC_NO_PIC = NO;
				GCC_NO_COMMON_BLOCKS = YES;
				GCC_OPTIMIZATION_LEVEL = 0;
				GCC_PREPROCESSOR_DEFINITIONS = (
					"DEBUG=1",
					"$(inherited)",
				);
				GCC_WARN_64_TO_32_BIT_CONVERSION = YES;
				GCC_WARN_ABOUT_RETURN_TYPE = YES_ERROR;
				GCC_WARN_UNDECLARED_SELECTOR = YES;
				GCC_WARN_UNINITIALIZED_AUTOS = YES_AGGRESSIVE;
				GCC_WARN_UNUSED_FUNCTION = YES;
				GCC_WARN_UNUSED_VARIABLE = YES;
				IPHONEOS_DEPLOYMENT_TARGET = 10.2;
				MTL_ENABLE_DEBUG_INFO = YES;
				ONLY_ACTIVE_ARCH = YES;
				SDKROOT = iphoneos;
				SWIFT_ACTIVE_COMPILATION_CONDITIONS = DEBUG;
				SWIFT_OPTIMIZATION_LEVEL = "-Onone";
				TARGETED_DEVICE_FAMILY = "1,2";
			};
			name = Debug;
		};
		FF16488D1E29EDC200D7758D /* Release */ = {
			isa = XCBuildConfiguration;
			buildSettings = {
				ALWAYS_SEARCH_USER_PATHS = NO;
				CLANG_ANALYZER_NONNULL = YES;
				CLANG_CXX_LANGUAGE_STANDARD = "gnu++0x";
				CLANG_CXX_LIBRARY = "libc++";
				CLANG_ENABLE_MODULES = YES;
				CLANG_ENABLE_OBJC_ARC = YES;
				CLANG_WARN_BOOL_CONVERSION = YES;
				CLANG_WARN_CONSTANT_CONVERSION = YES;
				CLANG_WARN_DIRECT_OBJC_ISA_USAGE = YES_ERROR;
				CLANG_WARN_DOCUMENTATION_COMMENTS = YES;
				CLANG_WARN_EMPTY_BODY = YES;
				CLANG_WARN_ENUM_CONVERSION = YES;
				CLANG_WARN_INFINITE_RECURSION = YES;
				CLANG_WARN_INT_CONVERSION = YES;
				CLANG_WARN_OBJC_ROOT_CLASS = YES_ERROR;
				CLANG_WARN_SUSPICIOUS_MOVE = YES;
				CLANG_WARN_UNREACHABLE_CODE = YES;
				CLANG_WARN__DUPLICATE_METHOD_MATCH = YES;
				"CODE_SIGN_IDENTITY[sdk=iphoneos*]" = "iPhone Developer";
				COPY_PHASE_STRIP = NO;
				DEBUG_INFORMATION_FORMAT = "dwarf-with-dsym";
				ENABLE_NS_ASSERTIONS = NO;
				ENABLE_STRICT_OBJC_MSGSEND = YES;
				GCC_C_LANGUAGE_STANDARD = gnu99;
				GCC_NO_COMMON_BLOCKS = YES;
				GCC_WARN_64_TO_32_BIT_CONVERSION = YES;
				GCC_WARN_ABOUT_RETURN_TYPE = YES_ERROR;
				GCC_WARN_UNDECLARED_SELECTOR = YES;
				GCC_WARN_UNINITIALIZED_AUTOS = YES_AGGRESSIVE;
				GCC_WARN_UNUSED_FUNCTION = YES;
				GCC_WARN_UNUSED_VARIABLE = YES;
				IPHONEOS_DEPLOYMENT_TARGET = 10.2;
				MTL_ENABLE_DEBUG_INFO = NO;
				SDKROOT = iphoneos;
				SWIFT_OPTIMIZATION_LEVEL = "-Owholemodule";
				TARGETED_DEVICE_FAMILY = "1,2";
				VALIDATE_PRODUCT = YES;
			};
			name = Release;
		};
		FF16488F1E29EDC200D7758D /* Debug */ = {
			isa = XCBuildConfiguration;
			buildSettings = {
				ASSETCATALOG_COMPILER_APPICON_NAME = AppIcon;
				DEVELOPMENT_TEAM = NZE2UWJUNX;
				INFOPLIST_FILE = "Punch In/Info.plist";
				LD_RUNPATH_SEARCH_PATHS = "$(inherited) @executable_path/Frameworks";
				PRODUCT_BUNDLE_IDENTIFIER = "com.kylestewart.Punch-In";
				PRODUCT_NAME = "$(TARGET_NAME)";
				SWIFT_VERSION = 3.0;
			};
			name = Debug;
		};
		FF1648901E29EDC200D7758D /* Release */ = {
			isa = XCBuildConfiguration;
			buildSettings = {
				ASSETCATALOG_COMPILER_APPICON_NAME = AppIcon;
				DEVELOPMENT_TEAM = NZE2UWJUNX;
				INFOPLIST_FILE = "Punch In/Info.plist";
				LD_RUNPATH_SEARCH_PATHS = "$(inherited) @executable_path/Frameworks";
				PRODUCT_BUNDLE_IDENTIFIER = "com.kylestewart.Punch-In";
				PRODUCT_NAME = "$(TARGET_NAME)";
				SWIFT_VERSION = 3.0;
			};
			name = Release;
		};
/* End XCBuildConfiguration section */

/* Begin XCConfigurationList section */
		FF1648771E29EDC200D7758D /* Build configuration list for PBXProject "Punch In" */ = {
			isa = XCConfigurationList;
			buildConfigurations = (
				FF16488C1E29EDC200D7758D /* Debug */,
				FF16488D1E29EDC200D7758D /* Release */,
			);
			defaultConfigurationIsVisible = 0;
			defaultConfigurationName = Release;
		};
		FF16488E1E29EDC200D7758D /* Build configuration list for PBXNativeTarget "Punch In" */ = {
			isa = XCConfigurationList;
			buildConfigurations = (
				FF16488F1E29EDC200D7758D /* Debug */,
				FF1648901E29EDC200D7758D /* Release */,
			);
			defaultConfigurationIsVisible = 0;
			defaultConfigurationName = Release;
		};
/* End XCConfigurationList section */
	};
	rootObject = FF1648741E29EDC200D7758D /* Project object */;
}
