// !$*UTF8*$!
{
	archiveVersion = 1;
	classes = {
	};
	objectVersion = 46;
	objects = {

/* Begin PBXBuildFile section */
		FF1648801E29EDC200D7758D /* AppDelegate.swift in Sources */ = {isa = PBXBuildFile; fileRef = FF16487F1E29EDC200D7758D /* AppDelegate.swift */; };
		FF1648821E29EDC200D7758D /* ViewController.swift in Sources */ = {isa = PBXBuildFile; fileRef = FF1648811E29EDC200D7758D /* ViewController.swift */; };
		FF1648851E29EDC200D7758D /* Main.storyboard in Resources */ = {isa = PBXBuildFile; fileRef = FF1648831E29EDC200D7758D /* Main.storyboard */; };
		FF1648871E29EDC200D7758D /* Assets.xcassets in Resources */ = {isa = PBXBuildFile; fileRef = FF1648861E29EDC200D7758D /* Assets.xcassets */; };
		FF16488A1E29EDC200D7758D /* LaunchScreen.storyboard in Resources */ = {isa = PBXBuildFile; fileRef = FF1648881E29EDC200D7758D /* LaunchScreen.storyboard */; };
/* End PBXBuildFile section */

/* Begin PBXFileReference section */
		FF16487C1E29EDC200D7758D /* Punch In.app */ = {isa = PBXFileReference; explicitFileType = wrapper.application; includeInIndex = 0; path = "Punch In.app"; sourceTree = BUILT_PRODUCTS_DIR; };
		FF16487F1E29EDC200D7758D /* AppDelegate.swift */ = {isa = PBXFileReference; lastKnownFileType = sourcecode.swift; path = AppDelegate.swift; sourceTree = "<group>"; };
		FF1648811E29EDC200D7758D /* ViewController.swift */ = {isa = PBXFileReference; lastKnownFileType = sourcecode.swift; path = ViewController.swift; sourceTree = "<group>"; };
		FF1648841E29EDC200D7758D /* Base */ = {isa = PBXFileReference; lastKnownFileType = file.storyboard; name = Base; path = Base.lproj/Main.storyboard; sourceTree = "<group>"; };
		FF1648861E29EDC200D7758D /* Assets.xcassets */ = {isa = PBXFileReference; lastKnownFileType = folder.assetcatalog; path = Assets.xcassets; sourceTree = "<group>"; };
		FF1648891E29EDC200D7758D /* Base */ = {isa = PBXFileReference; lastKnownFileType = file.storyboard; name = Base; path = Base.lproj/LaunchScreen.storyboard; sourceTree = "<group>"; };
		FF16488B1E29EDC200D7758D /* Info.plist */ = {isa = PBXFileReference; lastKnownFileType = text.plist.xml; path = Info.plist; sourceTree = "<group>"; };
/* End PBXFileReference section */

/* Begin PBXFrameworksBuildPhase section */
		FF1648791E29EDC200D7758D /* Frameworks */ = {
			isa = PBXFrameworksBuildPhase;
			buildActionMask = 2147483647;
			files = (
			);
			runOnlyForDeploymentPostprocessing = 0;
		};
/* End PBXFrameworksBuildPhase section */

/* Begin PBXGroup section */
		FF1648731E29EDC200D7758D = {
			isa = PBXGroup;
			children = (
				FF16487E1E29EDC200D7758D /* Punch In */,
				FF16487D1E29EDC200D7758D /* Products */,
			);
			sourceTree = "<group>";
		};
		FF16487D1E29EDC200D7758D /* Products */ = {
			isa = PBXGroup;
			children = (
				FF16487C1E29EDC200D7758D /* Punch In.app */,
			);
			name = Products;
			sourceTree = "<group>";
		};
		FF16487E1E29EDC200D7758D /* Punch In */ = {
			isa = PBXGroup;
			children = (
				FF16487F1E29EDC200D7758D /* AppDelegate.swift */,
				FF1648811E29EDC200D7758D /* ViewController.swift */,
				FF1648831E29EDC200D7758D /* Main.storyboard */,
				FF1648861E29EDC200D7758D /* Assets.xcassets */,
				FF1648881E29EDC200D7758D /* LaunchScreen.storyboard */,
				FF16488B1E29EDC200D7758D /* Info.plist */,
			);
			path = "Punch In";
			sourceTree = "<group>";
		};
/* End PBXGroup section */

/* Begin PBXNativeTarget section */
		FF16487B1E29EDC200D7758D /* Punch In */ = {
			isa = PBXNativeTarget;
			buildConfigurationList = FF16488E1E29EDC200D7758D /* Build configuration list for PBXNativeTarget "Punch In" */;
			buildPhases = (
				FF1648781E29EDC200D7758D /* Sources */,
				FF1648791E29EDC200D7758D /* Frameworks */,
				FF16487A1E29EDC200D7758D /* Resources */,
			);
			buildRules = (
			);
			dependencies = (
			);
			name = "Punch In";
			productName = "Punch In";
			productReference = FF16487C1E29EDC200D7758D /* Punch In.app */;
			productType = "com.apple.product-type.application";
		};
/* End PBXNativeTarget section */

/* Begin PBXProject section */
		FF1648741E29EDC200D7758D /* Project object */ = {
			isa = PBXProject;
			attributes = {
				LastSwiftUpdateCheck = 0820;
				LastUpgradeCheck = 0820;
				ORGANIZATIONNAME = "Kyle Stewart";
				TargetAttributes = {
					FF16487B1E29EDC200D7758D = {
						CreatedOnToolsVersion = 8.2.1;
						DevelopmentTeam = NZE2UWJUNX;
						ProvisioningStyle = Automatic;
					};
				};
			};
			buildConfigurationList = FF1648771E29EDC200D7758D /* Build configuration list for PBXProject "Punch In" */;
			compatibilityVersion = "Xcode 3.2";
			developmentRegion = English;
			hasScannedForEncodings = 0;
			knownRegions = (
				en,
				Base,
			);
			mainGroup = FF1648731E29EDC200D7758D;
			productRefGroup = FF16487D1E29EDC200D7758D /* Products */;
			projectDirPath = "";
			projectRoot = "";
			targets = (
				FF16487B1E29EDC200D7758D /* Punch In */,
			);
		};
/* End PBXProject section */

/* Begin PBXResourcesBuildPhase section */
		FF16487A1E29EDC200D7758D /* Resources */ = {
			isa = PBXResourcesBuildPhase;
			buildActionMask = 2147483647;
			files = (
				FF16488A1E29EDC200D7758D /* LaunchScreen.storyboard in Resources */,
				FF1648871E29EDC200D7758D /* Assets.xcassets in Resources */,
				FF1648851E29EDC200D7758D /* Main.storyboard in Resources */,
			);
			runOnlyForDeploymentPostprocessing = 0;
		};
/* End PBXResourcesBuildPhase section */

/* Begin PBXSourcesBuildPhase section */
		FF1648781E29EDC200D7758D /* Sources */ = {
			isa = PBXSourcesBuildPhase;
			buildActionMask = 2147483647;
			files = (
				FF1648821E29EDC200D7758D /* ViewController.swift in Sources */,
				FF1648801E29EDC200D7758D /* AppDelegate.swift in Sources */,
			);
			runOnlyForDeploymentPostprocessing = 0;
		};
/* End PBXSourcesBuildPhase section */

/* Begin PBXVariantGroup section */
		FF1648831E29EDC200D7758D /* Main.storyboard */ = {
			isa = PBXVariantGroup;
			children = (
				FF1648841E29EDC200D7758D /* Base */,
			);
			name = Main.storyboard;
			sourceTree = "<group>";
		};
		FF1648881E29EDC200D7758D /* LaunchScreen.storyboard */ = {
			isa = PBXVariantGroup;
			children = (
				FF1648891E29EDC200D7758D /* Base */,
			);
			name = LaunchScreen.storyboard;
			sourceTree = "<group>";
		};
/* End PBXVariantGroup section */

/* Begin XCBuildConfiguration section */
		FF16488C1E29EDC200D7758D /* Debug */ = {
			isa = XCBuildConfiguration;
			buildSettings = {
				ALWAYS_SEARCH_USER_PATHS = NO;
				CLANG_ANALYZER_NONNULL = YES;
				CLANG_CXX_LANGUAGE_STANDARD = "gnu++0x";
				CLANG_CXX_LIBRARY = "libc++";
				CLANG_ENABLE_MODULES = YES;
				CLANG_ENABLE_OBJC_ARC = YES;
				CLANG_WARN_BOOL_CONVERSION = YES;
				CLANG_WARN_CONSTANT_CONVERSION = YES;
				CLANG_WARN_DIRECT_OBJC_ISA_USAGE = YES_ERROR;
				CLANG_WARN_DOCUMENTATION_COMMENTS = YES;
				CLANG_WARN_EMPTY_BODY = YES;
				CLANG_WARN_ENUM_CONVERSION = YES;
				CLANG_WARN_INFINITE_RECURSION = YES;
				CLANG_WARN_INT_CONVERSION = YES;
				CLANG_WARN_OBJC_ROOT_CLASS = YES_ERROR;
				CLANG_WARN_SUSPICIOUS_MOVE = YES;
				CLANG_WARN_UNREACHABLE_CODE = YES;
				CLANG_WARN__DUPLICATE_METHOD_MATCH = YES;
				"CODE_SIGN_IDENTITY[sdk=iphoneos*]" = "iPhone Developer";
				COPY_PHASE_STRIP = NO;
				DEBUG_INFORMATION_FORMAT = dwarf;
				ENABLE_STRICT_OBJC_MSGSEND = YES;
				ENABLE_TESTABILITY = YES;
				GCC_C_LANGUAGE_STANDARD = gnu99;
				GCC_DYNAMIC_NO_PIC = NO;
				GCC_NO_COMMON_BLOCKS = YES;
				GCC_OPTIMIZATION_LEVEL = 0;
				GCC_PREPROCESSOR_DEFINITIONS = (
					"DEBUG=1",
					"$(inherited)",
				);
				GCC_WARN_64_TO_32_BIT_CONVERSION = YES;
				GCC_WARN_ABOUT_RETURN_TYPE = YES_ERROR;
				GCC_WARN_UNDECLARED_SELECTOR = YES;
				GCC_WARN_UNINITIALIZED_AUTOS = YES_AGGRESSIVE;
				GCC_WARN_UNUSED_FUNCTION = YES;
				GCC_WARN_UNUSED_VARIABLE = YES;
				IPHONEOS_DEPLOYMENT_TARGET = 10.2;
				MTL_ENABLE_DEBUG_INFO = YES;
				ONLY_ACTIVE_ARCH = YES;
				SDKROOT = iphoneos;
				SWIFT_ACTIVE_COMPILATION_CONDITIONS = DEBUG;
				SWIFT_OPTIMIZATION_LEVEL = "-Onone";
				TARGETED_DEVICE_FAMILY = "1,2";
			};
			name = Debug;
		};
		FF16488D1E29EDC200D7758D /* Release */ = {
			isa = XCBuildConfiguration;
			buildSettings = {
				ALWAYS_SEARCH_USER_PATHS = NO;
				CLANG_ANALYZER_NONNULL = YES;
				CLANG_CXX_LANGUAGE_STANDARD = "gnu++0x";
				CLANG_CXX_LIBRARY = "libc++";
				CLANG_ENABLE_MODULES = YES;
				CLANG_ENABLE_OBJC_ARC = YES;
				CLANG_WARN_BOOL_CONVERSION = YES;
				CLANG_WARN_CONSTANT_CONVERSION = YES;
				CLANG_WARN_DIRECT_OBJC_ISA_USAGE = YES_ERROR;
				CLANG_WARN_DOCUMENTATION_COMMENTS = YES;
				CLANG_WARN_EMPTY_BODY = YES;
				CLANG_WARN_ENUM_CONVERSION = YES;
				CLANG_WARN_INFINITE_RECURSION = YES;
				CLANG_WARN_INT_CONVERSION = YES;
				CLANG_WARN_OBJC_ROOT_CLASS = YES_ERROR;
				CLANG_WARN_SUSPICIOUS_MOVE = YES;
				CLANG_WARN_UNREACHABLE_CODE = YES;
				CLANG_WARN__DUPLICATE_METHOD_MATCH = YES;
				"CODE_SIGN_IDENTITY[sdk=iphoneos*]" = "iPhone Developer";
				COPY_PHASE_STRIP = NO;
				DEBUG_INFORMATION_FORMAT = "dwarf-with-dsym";
				ENABLE_NS_ASSERTIONS = NO;
				ENABLE_STRICT_OBJC_MSGSEND = YES;
				GCC_C_LANGUAGE_STANDARD = gnu99;
				GCC_NO_COMMON_BLOCKS = YES;
				GCC_WARN_64_TO_32_BIT_CONVERSION = YES;
				GCC_WARN_ABOUT_RETURN_TYPE = YES_ERROR;
				GCC_WARN_UNDECLARED_SELECTOR = YES;
				GCC_WARN_UNINITIALIZED_AUTOS = YES_AGGRESSIVE;
				GCC_WARN_UNUSED_FUNCTION = YES;
				GCC_WARN_UNUSED_VARIABLE = YES;
				IPHONEOS_DEPLOYMENT_TARGET = 10.2;
				MTL_ENABLE_DEBUG_INFO = NO;
				SDKROOT = iphoneos;
				SWIFT_OPTIMIZATION_LEVEL = "-Owholemodule";
				TARGETED_DEVICE_FAMILY = "1,2";
				VALIDATE_PRODUCT = YES;
			};
			name = Release;
		};
		FF16488F1E29EDC200D7758D /* Debug */ = {
			isa = XCBuildConfiguration;
			buildSettings = {
				ASSETCATALOG_COMPILER_APPICON_NAME = AppIcon;
				DEVELOPMENT_TEAM = NZE2UWJUNX;
				INFOPLIST_FILE = "Punch In/Info.plist";
				LD_RUNPATH_SEARCH_PATHS = "$(inherited) @executable_path/Frameworks";
				PRODUCT_BUNDLE_IDENTIFIER = "com.kylestewart.Punch-In";
				PRODUCT_NAME = "$(TARGET_NAME)";
				SWIFT_VERSION = 3.0;
			};
			name = Debug;
		};
		FF1648901E29EDC200D7758D /* Release */ = {
			isa = XCBuildConfiguration;
			buildSettings = {
				ASSETCATALOG_COMPILER_APPICON_NAME = AppIcon;
				DEVELOPMENT_TEAM = NZE2UWJUNX;
				INFOPLIST_FILE = "Punch In/Info.plist";
				LD_RUNPATH_SEARCH_PATHS = "$(inherited) @executable_path/Frameworks";
				PRODUCT_BUNDLE_IDENTIFIER = "com.kylestewart.Punch-In";
				PRODUCT_NAME = "$(TARGET_NAME)";
				SWIFT_VERSION = 3.0;
			};
			name = Release;
		};
/* End XCBuildConfiguration section */

/* Begin XCConfigurationList section */
		FF1648771E29EDC200D7758D /* Build configuration list for PBXProject "Punch In" */ = {
			isa = XCConfigurationList;
			buildConfigurations = (
				FF16488C1E29EDC200D7758D /* Debug */,
				FF16488D1E29EDC200D7758D /* Release */,
			);
			defaultConfigurationIsVisible = 0;
			defaultConfigurationName = Release;
		};
		FF16488E1E29EDC200D7758D /* Build configuration list for PBXNativeTarget "Punch In" */ = {
			isa = XCConfigurationList;
			buildConfigurations = (
				FF16488F1E29EDC200D7758D /* Debug */,
				FF1648901E29EDC200D7758D /* Release */,
			);
			defaultConfigurationIsVisible = 0;
		};
/* End XCConfigurationList section */
	};
	rootObject = FF1648741E29EDC200D7758D /* Project object */;
}
